
Microsoft Visual Studio Solution File, Format Version 12.00
# Visual Studio Version 16
VisualStudioVersion = 16.0.30413.136
MinimumVisualStudioVersion = 10.0.40219.1
Project("{9A19103F-16F7-4668-BE54-9A1E7A4F7556}") = "BankApi", "BankApi\BankApi.csproj", "{0016CCC1-63CD-4BE6-9486-D0D74A2FCB58}"
EndProject
Project("{9A19103F-16F7-4668-BE54-9A1E7A4F7556}") = "BankApi.Domain", "BankApi.Domain\BankApi.Domain.csproj", "{CE7C3EDC-F949-4880-AEF8-808FA78722C5}"
EndProject
Project("{FAE04EC0-301F-11D3-BF4B-00C04F79EFBC}") = "BankApi.Infrastructure", "BankApi.Infrastructure\BankApi.Infrastructure.csproj", "{EEE2CD63-976E-4B2F-9BF9-7133D02D7060}"
EndProject
Global
	GlobalSection(SolutionConfigurationPlatforms) = preSolution
		Debug|Any CPU = Debug|Any CPU
		Release|Any CPU = Release|Any CPU
	EndGlobalSection
	GlobalSection(ProjectConfigurationPlatforms) = postSolution
		{0016CCC1-63CD-4BE6-9486-D0D74A2FCB58}.Debug|Any CPU.ActiveCfg = Debug|Any CPU
		{0016CCC1-63CD-4BE6-9486-D0D74A2FCB58}.Debug|Any CPU.Build.0 = Debug|Any CPU
		{0016CCC1-63CD-4BE6-9486-D0D74A2FCB58}.Release|Any CPU.ActiveCfg = Release|Any CPU
		{0016CCC1-63CD-4BE6-9486-D0D74A2FCB58}.Release|Any CPU.Build.0 = Release|Any CPU
		{CE7C3EDC-F949-4880-AEF8-808FA78722C5}.Debug|Any CPU.ActiveCfg = Debug|Any CPU
		{CE7C3EDC-F949-4880-AEF8-808FA78722C5}.Debug|Any CPU.Build.0 = Debug|Any CPU
		{CE7C3EDC-F949-4880-AEF8-808FA78722C5}.Release|Any CPU.ActiveCfg = Release|Any CPU
		{CE7C3EDC-F949-4880-AEF8-808FA78722C5}.Release|Any CPU.Build.0 = Release|Any CPU
		{EEE2CD63-976E-4B2F-9BF9-7133D02D7060}.Debug|Any CPU.ActiveCfg = Debug|Any CPU
		{EEE2CD63-976E-4B2F-9BF9-7133D02D7060}.Debug|Any CPU.Build.0 = Debug|Any CPU
		{EEE2CD63-976E-4B2F-9BF9-7133D02D7060}.Release|Any CPU.ActiveCfg = Release|Any CPU
		{EEE2CD63-976E-4B2F-9BF9-7133D02D7060}.Release|Any CPU.Build.0 = Release|Any CPU
	EndGlobalSection
	GlobalSection(SolutionProperties) = preSolution
		HideSolutionNode = FALSE
	EndGlobalSection
	GlobalSection(ExtensibilityGlobals) = postSolution
		SolutionGuid = {1D986339-3E6E-438B-8AA0-85C5E742C399}
	EndGlobalSection
EndGlobal
